
Microsoft Visual Studio Solution File, Format Version 12.00
# Visual Studio Version 16
VisualStudioVersion = 16.0.30114.105
MinimumVisualStudioVersion = 10.0.40219.1
Project("{FAE04EC0-301F-11D3-BF4B-00C04F79EFBC}") = "HelloWorld", "HelloWorld\HelloWorld.csproj", "{116636E4-2020-4ADC-82DC-4F951CC660D4}"
EndProject
Project("{FAE04EC0-301F-11D3-BF4B-00C04F79EFBC}") = "HelloWorld.Test", "HelloWorld.Test\HelloWorld.Test.csproj", "{257FABF3-1E16-40A9-B27D-53A677C7BE0A}"
EndProject
Project("{FAE04EC0-301F-11D3-BF4B-00C04F79EFBC}") = "LeapYear", "LeapYear\LeapYear.csproj", "{DB6A32A4-53AE-48DE-994F-41CC5D1B8B1F}"
EndProject
Global
	GlobalSection(SolutionConfigurationPlatforms) = preSolution
		Debug|Any CPU = Debug|Any CPU
		Release|Any CPU = Release|Any CPU
	EndGlobalSection
	GlobalSection(SolutionProperties) = preSolution
		HideSolutionNode = FALSE
	EndGlobalSection
	GlobalSection(ProjectConfigurationPlatforms) = postSolution
		{116636E4-2020-4ADC-82DC-4F951CC660D4}.Debug|Any CPU.ActiveCfg = Debug|Any CPU
		{116636E4-2020-4ADC-82DC-4F951CC660D4}.Debug|Any CPU.Build.0 = Debug|Any CPU
		{116636E4-2020-4ADC-82DC-4F951CC660D4}.Release|Any CPU.ActiveCfg = Release|Any CPU
		{116636E4-2020-4ADC-82DC-4F951CC660D4}.Release|Any CPU.Build.0 = Release|Any CPU
		{257FABF3-1E16-40A9-B27D-53A677C7BE0A}.Debug|Any CPU.ActiveCfg = Debug|Any CPU
		{257FABF3-1E16-40A9-B27D-53A677C7BE0A}.Debug|Any CPU.Build.0 = Debug|Any CPU
		{257FABF3-1E16-40A9-B27D-53A677C7BE0A}.Release|Any CPU.ActiveCfg = Release|Any CPU
		{257FABF3-1E16-40A9-B27D-53A677C7BE0A}.Release|Any CPU.Build.0 = Release|Any CPU
		{DB6A32A4-53AE-48DE-994F-41CC5D1B8B1F}.Debug|Any CPU.ActiveCfg = Debug|Any CPU
		{DB6A32A4-53AE-48DE-994F-41CC5D1B8B1F}.Debug|Any CPU.Build.0 = Debug|Any CPU
		{DB6A32A4-53AE-48DE-994F-41CC5D1B8B1F}.Release|Any CPU.ActiveCfg = Release|Any CPU
		{DB6A32A4-53AE-48DE-994F-41CC5D1B8B1F}.Release|Any CPU.Build.0 = Release|Any CPU
	EndGlobalSection
EndGlobal
